
Microsoft Visual Studio Solution File, Format Version 12.00
# Visual Studio Express 2012 for Windows Desktop
Project("{FAE04EC0-301F-11D3-BF4B-00C04F79EFBC}") = "MarketSimulator", "MarketSimulator\MarketSimulator.csproj", "{C2D83AA2-EDDE-41A8-9FD7-51DD198DD04A}"
EndProject
Project("{FAE04EC0-301F-11D3-BF4B-00C04F79EFBC}") = "Common", "Common\Common.csproj", "{BAEC4B97-B700-4B6B-A6CB-8693BB310A77}"
EndProject
Global
	GlobalSection(SolutionConfigurationPlatforms) = preSolution
		Debug|Any CPU = Debug|Any CPU
		Release|Any CPU = Release|Any CPU
	EndGlobalSection
	GlobalSection(ProjectConfigurationPlatforms) = postSolution
		{C2D83AA2-EDDE-41A8-9FD7-51DD198DD04A}.Debug|Any CPU.ActiveCfg = Debug|Any CPU
		{C2D83AA2-EDDE-41A8-9FD7-51DD198DD04A}.Debug|Any CPU.Build.0 = Debug|Any CPU
		{C2D83AA2-EDDE-41A8-9FD7-51DD198DD04A}.Release|Any CPU.ActiveCfg = Release|Any CPU
		{C2D83AA2-EDDE-41A8-9FD7-51DD198DD04A}.Release|Any CPU.Build.0 = Release|Any CPU
		{BAEC4B97-B700-4B6B-A6CB-8693BB310A77}.Debug|Any CPU.ActiveCfg = Debug|Any CPU
		{BAEC4B97-B700-4B6B-A6CB-8693BB310A77}.Debug|Any CPU.Build.0 = Debug|Any CPU
		{BAEC4B97-B700-4B6B-A6CB-8693BB310A77}.Release|Any CPU.ActiveCfg = Release|Any CPU
		{BAEC4B97-B700-4B6B-A6CB-8693BB310A77}.Release|Any CPU.Build.0 = Release|Any CPU
	EndGlobalSection
	GlobalSection(SolutionProperties) = preSolution
		HideSolutionNode = FALSE
	EndGlobalSection
EndGlobal
